
Microsoft Visual Studio Solution File, Format Version 12.00
# Visual Studio Version 16
VisualStudioVersion = 16.0.31019.35
MinimumVisualStudioVersion = 10.0.40219.1
Project("{FAE04EC0-301F-11D3-BF4B-00C04F79EFBC}") = "ssibal", "ssibal.csproj", "{74A1C68C-DA83-4E77-9B3E-76A23D644108}"
EndProject
Project("{8BC9CEB8-8B4A-11D0-8D11-00A0C91BC942}") = "ssibal2", "..\ssibal2\ssibal2.vcxproj", "{1061E001-BF0C-4A86-A41B-9B1EE3D74E70}"
EndProject
Project("{F184B08F-C81C-45F6-A57F-5ABD9991F28F}") = "ssibal4", "..\ssibal4\ssibal4.vbproj", "{D2275B15-67A3-440E-A2FC-672F82DDA883}"
EndProject
Global
	GlobalSection(SolutionConfigurationPlatforms) = preSolution
		Debug|Any CPU = Debug|Any CPU
		Debug|x64 = Debug|x64
		Debug|x86 = Debug|x86
		Release|Any CPU = Release|Any CPU
		Release|x64 = Release|x64
		Release|x86 = Release|x86
	EndGlobalSection
	GlobalSection(ProjectConfigurationPlatforms) = postSolution
		{74A1C68C-DA83-4E77-9B3E-76A23D644108}.Debug|Any CPU.ActiveCfg = Debug|Any CPU
		{74A1C68C-DA83-4E77-9B3E-76A23D644108}.Debug|Any CPU.Build.0 = Debug|Any CPU
		{74A1C68C-DA83-4E77-9B3E-76A23D644108}.Debug|x64.ActiveCfg = Debug|Any CPU
		{74A1C68C-DA83-4E77-9B3E-76A23D644108}.Debug|x64.Build.0 = Debug|Any CPU
		{74A1C68C-DA83-4E77-9B3E-76A23D644108}.Debug|x86.ActiveCfg = Debug|Any CPU
		{74A1C68C-DA83-4E77-9B3E-76A23D644108}.Debug|x86.Build.0 = Debug|Any CPU
		{74A1C68C-DA83-4E77-9B3E-76A23D644108}.Release|Any CPU.ActiveCfg = Release|Any CPU
		{74A1C68C-DA83-4E77-9B3E-76A23D644108}.Release|Any CPU.Build.0 = Release|Any CPU
		{74A1C68C-DA83-4E77-9B3E-76A23D644108}.Release|x64.ActiveCfg = Release|Any CPU
		{74A1C68C-DA83-4E77-9B3E-76A23D644108}.Release|x64.Build.0 = Release|Any CPU
		{74A1C68C-DA83-4E77-9B3E-76A23D644108}.Release|x86.ActiveCfg = Release|Any CPU
		{74A1C68C-DA83-4E77-9B3E-76A23D644108}.Release|x86.Build.0 = Release|Any CPU
		{1061E001-BF0C-4A86-A41B-9B1EE3D74E70}.Debug|Any CPU.ActiveCfg = Debug|Win32
		{1061E001-BF0C-4A86-A41B-9B1EE3D74E70}.Debug|x64.ActiveCfg = Debug|x64
		{1061E001-BF0C-4A86-A41B-9B1EE3D74E70}.Debug|x64.Build.0 = Debug|x64
		{1061E001-BF0C-4A86-A41B-9B1EE3D74E70}.Debug|x86.ActiveCfg = Debug|Win32
		{1061E001-BF0C-4A86-A41B-9B1EE3D74E70}.Debug|x86.Build.0 = Debug|Win32
		{1061E001-BF0C-4A86-A41B-9B1EE3D74E70}.Release|Any CPU.ActiveCfg = Release|Win32
		{1061E001-BF0C-4A86-A41B-9B1EE3D74E70}.Release|x64.ActiveCfg = Release|x64
		{1061E001-BF0C-4A86-A41B-9B1EE3D74E70}.Release|x64.Build.0 = Release|x64
		{1061E001-BF0C-4A86-A41B-9B1EE3D74E70}.Release|x86.ActiveCfg = Release|Win32
		{1061E001-BF0C-4A86-A41B-9B1EE3D74E70}.Release|x86.Build.0 = Release|Win32
		{D2275B15-67A3-440E-A2FC-672F82DDA883}.Debug|Any CPU.ActiveCfg = Debug|Any CPU
		{D2275B15-67A3-440E-A2FC-672F82DDA883}.Debug|Any CPU.Build.0 = Debug|Any CPU
		{D2275B15-67A3-440E-A2FC-672F82DDA883}.Debug|x64.ActiveCfg = Debug|Any CPU
		{D2275B15-67A3-440E-A2FC-672F82DDA883}.Debug|x64.Build.0 = Debug|Any CPU
		{D2275B15-67A3-440E-A2FC-672F82DDA883}.Debug|x86.ActiveCfg = Debug|Any CPU
		{D2275B15-67A3-440E-A2FC-672F82DDA883}.Debug|x86.Build.0 = Debug|Any CPU
		{D2275B15-67A3-440E-A2FC-672F82DDA883}.Release|Any CPU.ActiveCfg = Release|Any CPU
		{D2275B15-67A3-440E-A2FC-672F82DDA883}.Release|Any CPU.Build.0 = Release|Any CPU
		{D2275B15-67A3-440E-A2FC-672F82DDA883}.Release|x64.ActiveCfg = Release|Any CPU
		{D2275B15-67A3-440E-A2FC-672F82DDA883}.Release|x64.Build.0 = Release|Any CPU
		{D2275B15-67A3-440E-A2FC-672F82DDA883}.Release|x86.ActiveCfg = Release|Any CPU
		{D2275B15-67A3-440E-A2FC-672F82DDA883}.Release|x86.Build.0 = Release|Any CPU
	EndGlobalSection
	GlobalSection(SolutionProperties) = preSolution
		HideSolutionNode = FALSE
	EndGlobalSection
	GlobalSection(ExtensibilityGlobals) = postSolution
		SolutionGuid = {D1103560-10CC-49E5-AEB3-B1393E682954}
	EndGlobalSection
EndGlobal
